
Microsoft Visual Studio Solution File, Format Version 12.00
# Visual Studio Version 17
VisualStudioVersion = 17.4.33213.308
MinimumVisualStudioVersion = 10.0.40219.1
Project("{FAE04EC0-301F-11D3-BF4B-00C04F79EFBC}") = "ArquivoCliente_API", "ArquivoCliente_API\ArquivoCliente_API.csproj", "{95A7271C-C0E5-4DCC-B887-444A90C364FB}"
EndProject
Global
	GlobalSection(SolutionConfigurationPlatforms) = preSolution
		Debug|Any CPU = Debug|Any CPU
		Release|Any CPU = Release|Any CPU
	EndGlobalSection
	GlobalSection(ProjectConfigurationPlatforms) = postSolution
		{95A7271C-C0E5-4DCC-B887-444A90C364FB}.Debug|Any CPU.ActiveCfg = Debug|Any CPU
		{95A7271C-C0E5-4DCC-B887-444A90C364FB}.Debug|Any CPU.Build.0 = Debug|Any CPU
		{95A7271C-C0E5-4DCC-B887-444A90C364FB}.Release|Any CPU.ActiveCfg = Release|Any CPU
		{95A7271C-C0E5-4DCC-B887-444A90C364FB}.Release|Any CPU.Build.0 = Release|Any CPU
	EndGlobalSection
	GlobalSection(SolutionProperties) = preSolution
		HideSolutionNode = FALSE
	EndGlobalSection
	GlobalSection(ExtensibilityGlobals) = postSolution
		SolutionGuid = {12A90E69-9B7F-4CCA-B07E-7C2C1B48A146}
	EndGlobalSection
EndGlobal
